
Microsoft Visual Studio Solution File, Format Version 12.00
# Visual Studio 2013
VisualStudioVersion = 12.0.21005.1
MinimumVisualStudioVersion = 10.0.40219.1
Project("{8BC9CEB8-8B4A-11D0-8D11-00A0C91BC942}") = "AL_Problem9", "AL_Problem9\AL_Problem9.vcxproj", "{E08B7D18-CF4A-42C8-B608-3543F38C3ACB}"
EndProject
Global
	GlobalSection(SolutionConfigurationPlatforms) = preSolution
		Debug|Win32 = Debug|Win32
		Release|Win32 = Release|Win32
	EndGlobalSection
	GlobalSection(ProjectConfigurationPlatforms) = postSolution
		{E08B7D18-CF4A-42C8-B608-3543F38C3ACB}.Debug|Win32.ActiveCfg = Debug|Win32
		{E08B7D18-CF4A-42C8-B608-3543F38C3ACB}.Debug|Win32.Build.0 = Debug|Win32
		{E08B7D18-CF4A-42C8-B608-3543F38C3ACB}.Release|Win32.ActiveCfg = Release|Win32
		{E08B7D18-CF4A-42C8-B608-3543F38C3ACB}.Release|Win32.Build.0 = Release|Win32
	EndGlobalSection
	GlobalSection(SolutionProperties) = preSolution
		HideSolutionNode = FALSE
	EndGlobalSection
EndGlobal
